# THIS IS AN AUTOGENERATED FILE. DO NOT EDIT THIS FILE DIRECTLY.
# yarn lockfile v1


"@esbuild/darwin-arm64@0.24.2":
  version "0.24.2"
  resolved "https://registry.npmjs.org/@esbuild/darwin-arm64/-/darwin-arm64-0.24.2.tgz"
  integrity sha512-kj3AnYWc+CekmZnS5IPu9D+HWtUI49hbnyqk0FLEJDbzCIQt7hg7ucF1SQAilhtYpIujfaHr6O0UHlzzSPdOeA==

"@rollup/rollup-darwin-arm64@4.32.1":
  version "4.32.1"
  resolved "https://registry.npmjs.org/@rollup/rollup-darwin-arm64/-/rollup-darwin-arm64-4.32.1.tgz"
  integrity sha512-zCpKHioQ9KgZToFp5Wvz6zaWbMzYQ2LJHQ+QixDKq52KKrF65ueu6Af4hLlLWHjX1Wf/0G5kSJM9PySW9IrvHA==

"@tailwindcss/node@^4.0.0":
  version "4.0.0"
  resolved "https://registry.npmjs.org/@tailwindcss/node/-/node-4.0.0.tgz"
  integrity sha512-tfG2uBvo6j6kDIPmntxwXggCOZAt7SkpAXJ6pTIYirNdk5FBqh/CZZ9BZPpgcl/tNFLs6zc4yghM76sqiELG9g==
  dependencies:
    enhanced-resolve "^5.18.0"
    jiti "^2.4.2"
    tailwindcss "4.0.0"

"@tailwindcss/oxide-darwin-arm64@4.0.0":
  version "4.0.0"
  resolved "https://registry.npmjs.org/@tailwindcss/oxide-darwin-arm64/-/oxide-darwin-arm64-4.0.0.tgz"
  integrity sha512-hdz4xnSWS11cIp+7ye+3dGHqs0X33z+BXXTtgPOguDWVa+TdXUzwxonklSzf5wlJFuot3dv5eWzhlNai0oYYQg==

"@tailwindcss/oxide@^4.0.0":
  version "4.0.0"
  resolved "https://registry.npmjs.org/@tailwindcss/oxide/-/oxide-4.0.0.tgz"
  integrity sha512-W3FjpJgy4VV1JiL7iBYDf2n/WkeDg1Il+0Q7eWnqPyvkPPCo/Mbwc5BiaT7dfBNV6tQKAhVE34rU5xl8pSl50w==
  optionalDependencies:
    "@tailwindcss/oxide-android-arm64" "4.0.0"
    "@tailwindcss/oxide-darwin-arm64" "4.0.0"
    "@tailwindcss/oxide-darwin-x64" "4.0.0"
    "@tailwindcss/oxide-freebsd-x64" "4.0.0"
    "@tailwindcss/oxide-linux-arm-gnueabihf" "4.0.0"
    "@tailwindcss/oxide-linux-arm64-gnu" "4.0.0"
    "@tailwindcss/oxide-linux-arm64-musl" "4.0.0"
    "@tailwindcss/oxide-linux-x64-gnu" "4.0.0"
    "@tailwindcss/oxide-linux-x64-musl" "4.0.0"
    "@tailwindcss/oxide-win32-arm64-msvc" "4.0.0"
    "@tailwindcss/oxide-win32-x64-msvc" "4.0.0"

"@tailwindcss/vite@^4.0.0":
  version "4.0.0"
  resolved "https://registry.npmjs.org/@tailwindcss/vite/-/vite-4.0.0.tgz"
  integrity sha512-4uukMiU9gHui8KMPMdWic5SP1O/tmQ1NFSRNrQWmcop5evAVl/LZ6/LuWL3quEiecp2RBcRWwqJrG+mFXlRlew==
  dependencies:
    "@tailwindcss/node" "^4.0.0"
    "@tailwindcss/oxide" "^4.0.0"
    lightningcss "^1.29.1"
    tailwindcss "4.0.0"

"@types/cookie@^0.6.0":
  version "0.6.0"
  resolved "https://registry.npmjs.org/@types/cookie/-/cookie-0.6.0.tgz"
  integrity sha512-4Kh9a6B2bQciAhf7FSuMRRkUWecJgJu9nPnx3yzpsfXX/c50REIqpHY4C82bXP90qrLtXtkDxTZosYO3UpOwlA==

"@types/estree@1.0.6":
  version "1.0.6"
  resolved "https://registry.npmjs.org/@types/estree/-/estree-1.0.6.tgz"
  integrity sha512-AYnb1nQyY49te+VRAVgmzfcgjYS91mY5P0TKUDCLEM+gNnA+3T6rWITXRLYCpahpqSQbN5cE+gHpnPyXjHWxcw==

asynckit@^0.4.0:
  version "0.4.0"
  resolved "https://registry.npmjs.org/asynckit/-/asynckit-0.4.0.tgz"
  integrity sha512-Oei9OH4tRh0YqU3GxhX79dM/mwVgvbZJaSNaRk+bshkj0S5cfHcgYakreBjrHwatXKbz+IoIdYLxrKim2MjW0Q==

axios@^1.7.9:
  version "1.7.9"
  resolved "https://registry.npmjs.org/axios/-/axios-1.7.9.tgz"
  integrity sha512-LhLcE7Hbiryz8oMDdDptSrWowmB4Bl6RCt6sIJKpRB4XtVf0iEgewX3au/pJqm+Py1kCASkb/FFKjxQaLtxJvw==
  dependencies:
    follow-redirects "^1.15.6"
    form-data "^4.0.0"
    proxy-from-env "^1.1.0"

combined-stream@^1.0.8:
  version "1.0.8"
  resolved "https://registry.npmjs.org/combined-stream/-/combined-stream-1.0.8.tgz"
  integrity sha512-FQN4MRfuJeHf7cBbBMJFXhKSDq+2kAArBlmRBvcvFE5BB1HZKXtSFASDhdlz9zOYwxh8lDdnvmMOe/+5cdoEdg==
  dependencies:
    delayed-stream "~1.0.0"

cookie@^1.0.1:
  version "1.0.2"
  resolved "https://registry.npmjs.org/cookie/-/cookie-1.0.2.tgz"
  integrity sha512-9Kr/j4O16ISv8zBBhJoi4bXOYNTkFLOqSL3UDB0njXxCXNezjeyVrJyGOWtgfs/q2km1gwBcfH8q1yEGoMYunA==

delayed-stream@~1.0.0:
  version "1.0.0"
  resolved "https://registry.npmjs.org/delayed-stream/-/delayed-stream-1.0.0.tgz"
  integrity sha512-ZySD7Nf91aLB0RxL4KGrKHBXl7Eds1DAmEdcoVawXnLD7SDhpNgtuII2aAkg7a7QS41jxPSZ17p4VdGnMHk3MQ==

detect-libc@^1.0.3:
  version "1.0.3"
  resolved "https://registry.npmjs.org/detect-libc/-/detect-libc-1.0.3.tgz"
  integrity sha512-pGjwhsmsp4kL2RTz08wcOlGN83otlqHeD/Z5T8GXZB+/YcpQ/dgo+lbU8ZsGxV0HIvqqxo9l7mqYwyYMD9bKDg==

enhanced-resolve@^5.18.0:
  version "5.18.0"
  resolved "https://registry.npmjs.org/enhanced-resolve/-/enhanced-resolve-5.18.0.tgz"
  integrity sha512-0/r0MySGYG8YqlayBZ6MuCfECmHFdJ5qyPh8s8wa5Hnm6SaFLSK1VYCbj+NKp090Nm1caZhD+QTnmxO7esYGyQ==
  dependencies:
    graceful-fs "^4.2.4"
    tapable "^2.2.0"

esbuild@^0.24.2:
  version "0.24.2"
  resolved "https://registry.npmjs.org/esbuild/-/esbuild-0.24.2.tgz"
  integrity sha512-+9egpBW8I3CD5XPe0n6BfT5fxLzxrlDzqydF3aviG+9ni1lDC/OvMHcxqEFV0+LANZG5R1bFMWfUrjVsdwxJvA==
  optionalDependencies:
    "@esbuild/aix-ppc64" "0.24.2"
    "@esbuild/android-arm" "0.24.2"
    "@esbuild/android-arm64" "0.24.2"
    "@esbuild/android-x64" "0.24.2"
    "@esbuild/darwin-arm64" "0.24.2"
    "@esbuild/darwin-x64" "0.24.2"
    "@esbuild/freebsd-arm64" "0.24.2"
    "@esbuild/freebsd-x64" "0.24.2"
    "@esbuild/linux-arm" "0.24.2"
    "@esbuild/linux-arm64" "0.24.2"
    "@esbuild/linux-ia32" "0.24.2"
    "@esbuild/linux-loong64" "0.24.2"
    "@esbuild/linux-mips64el" "0.24.2"
    "@esbuild/linux-ppc64" "0.24.2"
    "@esbuild/linux-riscv64" "0.24.2"
    "@esbuild/linux-s390x" "0.24.2"
    "@esbuild/linux-x64" "0.24.2"
    "@esbuild/netbsd-arm64" "0.24.2"
    "@esbuild/netbsd-x64" "0.24.2"
    "@esbuild/openbsd-arm64" "0.24.2"
    "@esbuild/openbsd-x64" "0.24.2"
    "@esbuild/sunos-x64" "0.24.2"
    "@esbuild/win32-arm64" "0.24.2"
    "@esbuild/win32-ia32" "0.24.2"
    "@esbuild/win32-x64" "0.24.2"

follow-redirects@^1.15.6:
  version "1.15.9"
  resolved "https://registry.npmjs.org/follow-redirects/-/follow-redirects-1.15.9.tgz"
  integrity sha512-gew4GsXizNgdoRyqmyfMHyAmXsZDk6mHkSxZFCzW9gwlbtOW44CDtYavM+y+72qD/Vq2l550kMF52DT8fOLJqQ==

form-data@^4.0.0:
  version "4.0.1"
  resolved "https://registry.npmjs.org/form-data/-/form-data-4.0.1.tgz"
  integrity sha512-tzN8e4TX8+kkxGPK8D5u0FNmjPUjw3lwC9lSLxxoB/+GtsJG91CO8bSWy73APlgAZzZbXEYZJuxjkHH2w+Ezhw==
  dependencies:
    asynckit "^0.4.0"
    combined-stream "^1.0.8"
    mime-types "^2.1.12"

fsevents@~2.3.2, fsevents@~2.3.3:
  version "2.3.3"
  resolved "https://registry.npmjs.org/fsevents/-/fsevents-2.3.3.tgz"
  integrity sha512-5xoDfX+fL7faATnagmWPpbFtwh/R77WmMMqqHGS65C3vvB0YHrgF+B1YmZ3441tMj5n63k0212XNoJwzlhffQw==

graceful-fs@^4.2.4:
  version "4.2.11"
  resolved "https://registry.npmjs.org/graceful-fs/-/graceful-fs-4.2.11.tgz"
  integrity sha512-RbJ5/jmFcNNCcDV5o9eTnBLJ/HszWV0P73bc+Ff4nS/rJj+YaS6IGyiOL0VoBYX+l1Wrl3k63h/KrH+nhJ0XvQ==

jiti@^2.4.2, jiti@>=1.21.0:
  version "2.4.2"
  resolved "https://registry.npmjs.org/jiti/-/jiti-2.4.2.tgz"
  integrity sha512-rg9zJN+G4n2nfJl5MW3BMygZX56zKPNVEYYqq7adpmMh4Jn2QNEwhvQlFy6jPVdcod7txZtKHWnyZiA3a0zP7A==

lightningcss-darwin-arm64@1.29.1:
  version "1.29.1"
  resolved "https://registry.npmjs.org/lightningcss-darwin-arm64/-/lightningcss-darwin-arm64-1.29.1.tgz"
  integrity sha512-HtR5XJ5A0lvCqYAoSv2QdZZyoHNttBpa5EP9aNuzBQeKGfbyH5+UipLWvVzpP4Uml5ej4BYs5I9Lco9u1fECqw==

lightningcss@^1.21.0, lightningcss@^1.29.1:
  version "1.29.1"
  resolved "https://registry.npmjs.org/lightningcss/-/lightningcss-1.29.1.tgz"
  integrity sha512-FmGoeD4S05ewj+AkhTY+D+myDvXI6eL27FjHIjoyUkO/uw7WZD1fBVs0QxeYWa7E17CUHJaYX/RUGISCtcrG4Q==
  dependencies:
    detect-libc "^1.0.3"
  optionalDependencies:
    lightningcss-darwin-arm64 "1.29.1"
    lightningcss-darwin-x64 "1.29.1"
    lightningcss-freebsd-x64 "1.29.1"
    lightningcss-linux-arm-gnueabihf "1.29.1"
    lightningcss-linux-arm64-gnu "1.29.1"
    lightningcss-linux-arm64-musl "1.29.1"
    lightningcss-linux-x64-gnu "1.29.1"
    lightningcss-linux-x64-musl "1.29.1"
    lightningcss-win32-arm64-msvc "1.29.1"
    lightningcss-win32-x64-msvc "1.29.1"

mime-db@1.52.0:
  version "1.52.0"
  resolved "https://registry.npmjs.org/mime-db/-/mime-db-1.52.0.tgz"
  integrity sha512-sPU4uV7dYlvtWJxwwxHD0PuihVNiE7TyAbQ5SWxDCB9mUYvOgroQOwYQQOKPJ8CIbE+1ETVlOoK1UC2nU3gYvg==

mime-types@^2.1.12:
  version "2.1.35"
  resolved "https://registry.npmjs.org/mime-types/-/mime-types-2.1.35.tgz"
  integrity sha512-ZDY+bPm5zTTF+YpCrAU9nK0UgICYPT0QtT1NZWFv4s++TNkcgVaT0g6+4R2uI4MjQjzysHB1zxuWL50hzaeXiw==
  dependencies:
    mime-db "1.52.0"

nanoid@^3.3.8:
  version "3.3.8"
  resolved "https://registry.npmjs.org/nanoid/-/nanoid-3.3.8.tgz"
  integrity sha512-WNLf5Sd8oZxOm+TzppcYk8gVOgP+l58xNy58D0nbUnOxOWRWvlcCV4kUF7ltmI6PsrLl/BgKEyS4mqsGChFN0w==

picocolors@^1.1.1:
  version "1.1.1"
  resolved "https://registry.npmjs.org/picocolors/-/picocolors-1.1.1.tgz"
  integrity sha512-xceH2snhtb5M9liqDsmEw56le376mTZkEX/jEb/RxNFyegNul7eNslCXP9FDj/Lcu0X8KEyMceP2ntpaHrDEVA==

postcss@^8.4.49:
  version "8.5.1"
  resolved "https://registry.npmjs.org/postcss/-/postcss-8.5.1.tgz"
  integrity sha512-6oz2beyjc5VMn/KV1pPw8fliQkhBXrVn1Z3TVyqZxU8kZpzEKhBdmCFqI6ZbmGtamQvQGuU1sgPTk8ZrXDD7jQ==
  dependencies:
    nanoid "^3.3.8"
    picocolors "^1.1.1"
    source-map-js "^1.2.1"

proxy-from-env@^1.1.0:
  version "1.1.0"
  resolved "https://registry.npmjs.org/proxy-from-env/-/proxy-from-env-1.1.0.tgz"
  integrity sha512-D+zkORCbA9f1tdWRK0RaCR3GPv50cMxcrz4X8k5LTSUD1Dkw47mKJEZQNunItRTkWwgtaUSo1RVFRIG9ZXiFYg==

react-dom@>=18:
  version "19.0.0"
  resolved "https://registry.npmjs.org/react-dom/-/react-dom-19.0.0.tgz"
  integrity sha512-4GV5sHFG0e/0AD4X+ySy6UJd3jVl1iNsNHdpad0qhABJ11twS3TTBnseqsKurKcsNqCEFeGL3uLpVChpIO3QfQ==
  dependencies:
    scheduler "^0.25.0"

react-icons@^5.4.0:
  version "5.4.0"
  resolved "https://registry.npmjs.org/react-icons/-/react-icons-5.4.0.tgz"
  integrity sha512-7eltJxgVt7X64oHh6wSWNwwbKTCtMfK35hcjvJS0yxEAhPM8oUKdS3+kqaW1vicIltw+kR2unHaa12S9pPALoQ==

react-router-dom@^7.1.3:
  version "7.1.3"
  resolved "https://registry.npmjs.org/react-router-dom/-/react-router-dom-7.1.3.tgz"
  integrity sha512-qQGTE+77hleBzv9SIUIkGRvuFBQGagW+TQKy53UTZAO/3+YFNBYvRsNIZ1GT17yHbc63FylMOdS+m3oUriF1GA==
  dependencies:
    react-router "7.1.3"

react-router@7.1.3:
  version "7.1.3"
  resolved "https://registry.npmjs.org/react-router/-/react-router-7.1.3.tgz"
  integrity sha512-EezYymLY6Guk/zLQ2vRA8WvdUhWFEj5fcE3RfWihhxXBW7+cd1LsIiA3lmx+KCmneAGQuyBv820o44L2+TtkSA==
  dependencies:
    "@types/cookie" "^0.6.0"
    cookie "^1.0.1"
    set-cookie-parser "^2.6.0"
    turbo-stream "2.4.0"

react@*, react@^19.0.0, react@>=18:
  version "19.0.0"
  resolved "https://registry.npmjs.org/react/-/react-19.0.0.tgz"
  integrity sha512-V8AVnmPIICiWpGfm6GLzCR/W5FXLchHop40W4nXBmdlEceh16rCN8O8LNWm5bh5XUX91fh7KpA+W0TgMKmgTpQ==

rollup@^4.23.0:
  version "4.32.1"
  resolved "https://registry.npmjs.org/rollup/-/rollup-4.32.1.tgz"
  integrity sha512-z+aeEsOeEa3mEbS1Tjl6sAZ8NE3+AalQz1RJGj81M+fizusbdDMoEJwdJNHfaB40Scr4qNu+welOfes7maKonA==
  dependencies:
    "@types/estree" "1.0.6"
  optionalDependencies:
    "@rollup/rollup-android-arm-eabi" "4.32.1"
    "@rollup/rollup-android-arm64" "4.32.1"
    "@rollup/rollup-darwin-arm64" "4.32.1"
    "@rollup/rollup-darwin-x64" "4.32.1"
    "@rollup/rollup-freebsd-arm64" "4.32.1"
    "@rollup/rollup-freebsd-x64" "4.32.1"
    "@rollup/rollup-linux-arm-gnueabihf" "4.32.1"
    "@rollup/rollup-linux-arm-musleabihf" "4.32.1"
    "@rollup/rollup-linux-arm64-gnu" "4.32.1"
    "@rollup/rollup-linux-arm64-musl" "4.32.1"
    "@rollup/rollup-linux-loongarch64-gnu" "4.32.1"
    "@rollup/rollup-linux-powerpc64le-gnu" "4.32.1"
    "@rollup/rollup-linux-riscv64-gnu" "4.32.1"
    "@rollup/rollup-linux-s390x-gnu" "4.32.1"
    "@rollup/rollup-linux-x64-gnu" "4.32.1"
    "@rollup/rollup-linux-x64-musl" "4.32.1"
    "@rollup/rollup-win32-arm64-msvc" "4.32.1"
    "@rollup/rollup-win32-ia32-msvc" "4.32.1"
    "@rollup/rollup-win32-x64-msvc" "4.32.1"
    fsevents "~2.3.2"

scheduler@^0.25.0:
  version "0.25.0"
  resolved "https://registry.npmjs.org/scheduler/-/scheduler-0.25.0.tgz"
  integrity sha512-xFVuu11jh+xcO7JOAGJNOXld8/TcEHK/4CituBUeUb5hqxJLj9YuemAEuvm9gQ/+pgXYfbQuqAkiYu+u7YEsNA==

set-cookie-parser@^2.6.0:
  version "2.7.1"
  resolved "https://registry.npmjs.org/set-cookie-parser/-/set-cookie-parser-2.7.1.tgz"
  integrity sha512-IOc8uWeOZgnb3ptbCURJWNjWUPcO3ZnTTdzsurqERrP6nPyv+paC55vJM0LpOlT2ne+Ix+9+CRG1MNLlyZ4GjQ==

source-map-js@^1.2.1:
  version "1.2.1"
  resolved "https://registry.npmjs.org/source-map-js/-/source-map-js-1.2.1.tgz"
  integrity sha512-UXWMKhLOwVKb728IUtQPXxfYU+usdybtUrK/8uGE8CQMvrhOpwvzDBwj0QhSL7MQc7vIsISBG8VQ8+IDQxpfQA==

tailwindcss@^4.0.0, tailwindcss@4.0.0:
  version "4.0.0"
  resolved "https://registry.npmjs.org/tailwindcss/-/tailwindcss-4.0.0.tgz"
  integrity sha512-ULRPI3A+e39T7pSaf1xoi58AqqJxVCLg8F/uM5A3FadUbnyDTgltVnXJvdkTjwCOGA6NazqHVcwPJC5h2vRYVQ==

tapable@^2.2.0:
  version "2.2.1"
  resolved "https://registry.npmjs.org/tapable/-/tapable-2.2.1.tgz"
  integrity sha512-GNzQvQTOIP6RyTfE2Qxb8ZVlNmw0n88vp1szwWRimP02mnTsx3Wtn5qRdqY9w2XduFNUgvOwhNnQsjwCp+kqaQ==

turbo-stream@2.4.0:
  version "2.4.0"
  resolved "https://registry.npmjs.org/turbo-stream/-/turbo-stream-2.4.0.tgz"
  integrity sha512-FHncC10WpBd2eOmGwpmQsWLDoK4cqsA/UT/GqNoaKOQnT8uzhtCbg3EoUDMvqpOSAI0S26mr0rkjzbOO6S3v1g==

"vite@^5.2.0 || ^6":
  version "6.0.11"
  resolved "https://registry.npmjs.org/vite/-/vite-6.0.11.tgz"
  integrity sha512-4VL9mQPKoHy4+FE0NnRE/kbY51TOfaknxAjt3fJbGJxhIpBZiqVzlZDEesWWsuREXHwNdAoOFZ9MkPEVXczHwg==
  dependencies:
    esbuild "^0.24.2"
    postcss "^8.4.49"
    rollup "^4.23.0"
  optionalDependencies:
    fsevents "~2.3.3"
